
Microsoft Visual Studio Solution File, Format Version 12.00
# Visual Studio 15
Project("{FAE04EC0-301F-11D3-BF4B-00C04F79EFBC}") = "Assembly-CSharp", "Assembly-CSharp.csproj", "{354FD3A5-D607-978D-164D-BAB4C5287742}"
EndProject
Project("{FAE04EC0-301F-11D3-BF4B-00C04F79EFBC}") = "Assembly-CSharp-Editor", "Assembly-CSharp-Editor.csproj", "{272F73D4-081C-EE43-449C-7E68CA13CBC7}"
EndProject
Global
	GlobalSection(SolutionConfigurationPlatforms) = preSolution
		Debug|Any CPU = Debug|Any CPU
		Release|Any CPU = Release|Any CPU
	EndGlobalSection
	GlobalSection(ProjectConfigurationPlatforms) = postSolution
		{354FD3A5-D607-978D-164D-BAB4C5287742}.Debug|Any CPU.ActiveCfg = Debug|Any CPU
		{354FD3A5-D607-978D-164D-BAB4C5287742}.Debug|Any CPU.Build.0 = Debug|Any CPU
		{354FD3A5-D607-978D-164D-BAB4C5287742}.Release|Any CPU.ActiveCfg = Release|Any CPU
		{354FD3A5-D607-978D-164D-BAB4C5287742}.Release|Any CPU.Build.0 = Release|Any CPU
		{272F73D4-081C-EE43-449C-7E68CA13CBC7}.Debug|Any CPU.ActiveCfg = Debug|Any CPU
		{272F73D4-081C-EE43-449C-7E68CA13CBC7}.Debug|Any CPU.Build.0 = Debug|Any CPU
		{272F73D4-081C-EE43-449C-7E68CA13CBC7}.Release|Any CPU.ActiveCfg = Release|Any CPU
		{272F73D4-081C-EE43-449C-7E68CA13CBC7}.Release|Any CPU.Build.0 = Release|Any CPU
	EndGlobalSection
	GlobalSection(SolutionProperties) = preSolution
		HideSolutionNode = FALSE
	EndGlobalSection
EndGlobal
